
Microsoft Visual Studio Solution File, Format Version 12.00
# Visual Studio Version 17
VisualStudioVersion = 17.6.33712.159
MinimumVisualStudioVersion = 10.0.40219.1
Project("{FAE04EC0-301F-11D3-BF4B-00C04F79EFBC}") = "register and login page", "register and login page\register and login page.csproj", "{04155733-48E3-4E37-B4A9-C024988A8ED6}"
EndProject
Global
	GlobalSection(SolutionConfigurationPlatforms) = preSolution
		Debug|Any CPU = Debug|Any CPU
		Release|Any CPU = Release|Any CPU
	EndGlobalSection
	GlobalSection(ProjectConfigurationPlatforms) = postSolution
		{04155733-48E3-4E37-B4A9-C024988A8ED6}.Debug|Any CPU.ActiveCfg = Debug|Any CPU
		{04155733-48E3-4E37-B4A9-C024988A8ED6}.Debug|Any CPU.Build.0 = Debug|Any CPU
		{04155733-48E3-4E37-B4A9-C024988A8ED6}.Release|Any CPU.ActiveCfg = Release|Any CPU
		{04155733-48E3-4E37-B4A9-C024988A8ED6}.Release|Any CPU.Build.0 = Release|Any CPU
	EndGlobalSection
	GlobalSection(SolutionProperties) = preSolution
		HideSolutionNode = FALSE
	EndGlobalSection
	GlobalSection(ExtensibilityGlobals) = postSolution
		SolutionGuid = {79EE80F0-5068-4D57-96DB-E250918FDB7B}
	EndGlobalSection
EndGlobal
